
Microsoft Visual Studio Solution File, Format Version 12.00
# Visual Studio Version 17
VisualStudioVersion = 17.5.002.0
MinimumVisualStudioVersion = 10.0.40219.1
Project("{FAE04EC0-301F-11D3-BF4B-00C04F79EFBC}") = "Claire", "Claire\Claire.csproj", "{65225148-7F1D-43D0-8290-B01076FC3945}"
EndProject
Project("{FAE04EC0-301F-11D3-BF4B-00C04F79EFBC}") = "Claire.Lib", "Claire.Lib\Claire.Lib.csproj", "{C4F9277A-91C0-45CB-BF85-F23CD643D5DC}"
EndProject
Project("{FAE04EC0-301F-11D3-BF4B-00C04F79EFBC}") = "Claire.Test", "Claire.Test\Claire.Test.csproj", "{00EA552F-233C-4F10-88FE-2B62B274CE4F}"
EndProject
Global
	GlobalSection(SolutionConfigurationPlatforms) = preSolution
		Debug|Any CPU = Debug|Any CPU
		Release|Any CPU = Release|Any CPU
	EndGlobalSection
	GlobalSection(ProjectConfigurationPlatforms) = postSolution
		{C0DFD990-669A-48AF-B3DE-F5C49F0917E9}.Debug|Any CPU.ActiveCfg = Debug|Any CPU
		{C0DFD990-669A-48AF-B3DE-F5C49F0917E9}.Debug|Any CPU.Build.0 = Debug|Any CPU
		{C0DFD990-669A-48AF-B3DE-F5C49F0917E9}.Release|Any CPU.ActiveCfg = Release|Any CPU
		{C0DFD990-669A-48AF-B3DE-F5C49F0917E9}.Release|Any CPU.Build.0 = Release|Any CPU
		{65225148-7F1D-43D0-8290-B01076FC3945}.Debug|Any CPU.ActiveCfg = Debug|Any CPU
		{65225148-7F1D-43D0-8290-B01076FC3945}.Debug|Any CPU.Build.0 = Debug|Any CPU
		{65225148-7F1D-43D0-8290-B01076FC3945}.Release|Any CPU.ActiveCfg = Release|Any CPU
		{65225148-7F1D-43D0-8290-B01076FC3945}.Release|Any CPU.Build.0 = Release|Any CPU
		{C4F9277A-91C0-45CB-BF85-F23CD643D5DC}.Debug|Any CPU.ActiveCfg = Debug|Any CPU
		{C4F9277A-91C0-45CB-BF85-F23CD643D5DC}.Debug|Any CPU.Build.0 = Debug|Any CPU
		{C4F9277A-91C0-45CB-BF85-F23CD643D5DC}.Release|Any CPU.ActiveCfg = Release|Any CPU
		{C4F9277A-91C0-45CB-BF85-F23CD643D5DC}.Release|Any CPU.Build.0 = Release|Any CPU
		{00EA552F-233C-4F10-88FE-2B62B274CE4F}.Debug|Any CPU.ActiveCfg = Debug|Any CPU
		{00EA552F-233C-4F10-88FE-2B62B274CE4F}.Debug|Any CPU.Build.0 = Debug|Any CPU
		{00EA552F-233C-4F10-88FE-2B62B274CE4F}.Release|Any CPU.ActiveCfg = Release|Any CPU
		{00EA552F-233C-4F10-88FE-2B62B274CE4F}.Release|Any CPU.Build.0 = Release|Any CPU
	EndGlobalSection
	GlobalSection(SolutionProperties) = preSolution
		HideSolutionNode = FALSE
	EndGlobalSection
	GlobalSection(ExtensibilityGlobals) = postSolution
		SolutionGuid = {38BEABB5-DE73-42B9-B14C-550B4AB0FAB6}
	EndGlobalSection
EndGlobal
